
Microsoft Visual Studio Solution File, Format Version 12.00
# Visual Studio Version 16
VisualStudioVersion = 16.0.31112.23
MinimumVisualStudioVersion = 10.0.40219.1
Project("{FAE04EC0-301F-11D3-BF4B-00C04F79EFBC}") = "HelloUWP", "HelloUWP\HelloUWP.csproj", "{2D202F39-B972-4058-91A5-BD1A1087AEE6}"
EndProject
Project("{9A19103F-16F7-4668-BE54-9A1E7A4F7556}") = "HelloUWP.Core", "HelloUWP.Core\HelloUWP.Core.csproj", "{A1330E52-A4D2-491E-8DB3-229F2C30A320}"
EndProject
Global
	GlobalSection(SolutionConfigurationPlatforms) = preSolution
		Debug|Any CPU = Debug|Any CPU
		Debug|ARM = Debug|ARM
		Debug|ARM64 = Debug|ARM64
		Debug|x64 = Debug|x64
		Debug|x86 = Debug|x86
		Release|Any CPU = Release|Any CPU
		Release|ARM = Release|ARM
		Release|ARM64 = Release|ARM64
		Release|x64 = Release|x64
		Release|x86 = Release|x86
	EndGlobalSection
	GlobalSection(ProjectConfigurationPlatforms) = postSolution
		{2D202F39-B972-4058-91A5-BD1A1087AEE6}.Debug|Any CPU.ActiveCfg = Debug|x86
		{2D202F39-B972-4058-91A5-BD1A1087AEE6}.Debug|ARM.ActiveCfg = Debug|ARM
		{2D202F39-B972-4058-91A5-BD1A1087AEE6}.Debug|ARM.Build.0 = Debug|ARM
		{2D202F39-B972-4058-91A5-BD1A1087AEE6}.Debug|ARM.Deploy.0 = Debug|ARM
		{2D202F39-B972-4058-91A5-BD1A1087AEE6}.Debug|ARM64.ActiveCfg = Debug|ARM64
		{2D202F39-B972-4058-91A5-BD1A1087AEE6}.Debug|ARM64.Build.0 = Debug|ARM64
		{2D202F39-B972-4058-91A5-BD1A1087AEE6}.Debug|ARM64.Deploy.0 = Debug|ARM64
		{2D202F39-B972-4058-91A5-BD1A1087AEE6}.Debug|x64.ActiveCfg = Debug|x64
		{2D202F39-B972-4058-91A5-BD1A1087AEE6}.Debug|x64.Build.0 = Debug|x64
		{2D202F39-B972-4058-91A5-BD1A1087AEE6}.Debug|x64.Deploy.0 = Debug|x64
		{2D202F39-B972-4058-91A5-BD1A1087AEE6}.Debug|x86.ActiveCfg = Debug|x86
		{2D202F39-B972-4058-91A5-BD1A1087AEE6}.Debug|x86.Build.0 = Debug|x86
		{2D202F39-B972-4058-91A5-BD1A1087AEE6}.Debug|x86.Deploy.0 = Debug|x86
		{2D202F39-B972-4058-91A5-BD1A1087AEE6}.Release|Any CPU.ActiveCfg = Release|x86
		{2D202F39-B972-4058-91A5-BD1A1087AEE6}.Release|ARM.ActiveCfg = Release|ARM
		{2D202F39-B972-4058-91A5-BD1A1087AEE6}.Release|ARM.Build.0 = Release|ARM
		{2D202F39-B972-4058-91A5-BD1A1087AEE6}.Release|ARM.Deploy.0 = Release|ARM
		{2D202F39-B972-4058-91A5-BD1A1087AEE6}.Release|ARM64.ActiveCfg = Release|ARM64
		{2D202F39-B972-4058-91A5-BD1A1087AEE6}.Release|ARM64.Build.0 = Release|ARM64
		{2D202F39-B972-4058-91A5-BD1A1087AEE6}.Release|ARM64.Deploy.0 = Release|ARM64
		{2D202F39-B972-4058-91A5-BD1A1087AEE6}.Release|x64.ActiveCfg = Release|x64
		{2D202F39-B972-4058-91A5-BD1A1087AEE6}.Release|x64.Build.0 = Release|x64
		{2D202F39-B972-4058-91A5-BD1A1087AEE6}.Release|x64.Deploy.0 = Release|x64
		{2D202F39-B972-4058-91A5-BD1A1087AEE6}.Release|x86.ActiveCfg = Release|x86
		{2D202F39-B972-4058-91A5-BD1A1087AEE6}.Release|x86.Build.0 = Release|x86
		{2D202F39-B972-4058-91A5-BD1A1087AEE6}.Release|x86.Deploy.0 = Release|x86
		{A1330E52-A4D2-491E-8DB3-229F2C30A320}.Debug|Any CPU.ActiveCfg = Debug|Any CPU
		{A1330E52-A4D2-491E-8DB3-229F2C30A320}.Debug|Any CPU.Build.0 = Debug|Any CPU
		{A1330E52-A4D2-491E-8DB3-229F2C30A320}.Debug|ARM.ActiveCfg = Debug|Any CPU
		{A1330E52-A4D2-491E-8DB3-229F2C30A320}.Debug|ARM.Build.0 = Debug|Any CPU
		{A1330E52-A4D2-491E-8DB3-229F2C30A320}.Debug|ARM64.ActiveCfg = Debug|Any CPU
		{A1330E52-A4D2-491E-8DB3-229F2C30A320}.Debug|ARM64.Build.0 = Debug|Any CPU
		{A1330E52-A4D2-491E-8DB3-229F2C30A320}.Debug|x64.ActiveCfg = Debug|Any CPU
		{A1330E52-A4D2-491E-8DB3-229F2C30A320}.Debug|x64.Build.0 = Debug|Any CPU
		{A1330E52-A4D2-491E-8DB3-229F2C30A320}.Debug|x86.ActiveCfg = Debug|Any CPU
		{A1330E52-A4D2-491E-8DB3-229F2C30A320}.Debug|x86.Build.0 = Debug|Any CPU
		{A1330E52-A4D2-491E-8DB3-229F2C30A320}.Release|Any CPU.ActiveCfg = Release|Any CPU
		{A1330E52-A4D2-491E-8DB3-229F2C30A320}.Release|Any CPU.Build.0 = Release|Any CPU
		{A1330E52-A4D2-491E-8DB3-229F2C30A320}.Release|ARM.ActiveCfg = Release|Any CPU
		{A1330E52-A4D2-491E-8DB3-229F2C30A320}.Release|ARM.Build.0 = Release|Any CPU
		{A1330E52-A4D2-491E-8DB3-229F2C30A320}.Release|ARM64.ActiveCfg = Release|Any CPU
		{A1330E52-A4D2-491E-8DB3-229F2C30A320}.Release|ARM64.Build.0 = Release|Any CPU
		{A1330E52-A4D2-491E-8DB3-229F2C30A320}.Release|x64.ActiveCfg = Release|Any CPU
		{A1330E52-A4D2-491E-8DB3-229F2C30A320}.Release|x64.Build.0 = Release|Any CPU
		{A1330E52-A4D2-491E-8DB3-229F2C30A320}.Release|x86.ActiveCfg = Release|Any CPU
		{A1330E52-A4D2-491E-8DB3-229F2C30A320}.Release|x86.Build.0 = Release|Any CPU
	EndGlobalSection
	GlobalSection(SolutionProperties) = preSolution
		HideSolutionNode = FALSE
	EndGlobalSection
	GlobalSection(ExtensibilityGlobals) = postSolution
		SolutionGuid = {058C989A-E6FF-4C5A-8783-5AC99705E2CC}
	EndGlobalSection
EndGlobal
